// !$*UTF8*$!
{
	archiveVersion = 1;
	classes = {
	};
	objectVersion = 46;
	objects = {

/* Begin PBXBuildFile section */
		9468AD51188CCEE2004C7010 /* Foundation.framework in Frameworks */ = {isa = PBXBuildFile; fileRef = 9468AD50188CCEE2004C7010 /* Foundation.framework */; };
		9468AD53188CCEE2004C7010 /* CoreGraphics.framework in Frameworks */ = {isa = PBXBuildFile; fileRef = 9468AD52188CCEE2004C7010 /* CoreGraphics.framework */; };
		9468AD55188CCEE2004C7010 /* UIKit.framework in Frameworks */ = {isa = PBXBuildFile; fileRef = 9468AD54188CCEE2004C7010 /* UIKit.framework */; };
		9468AD5D188CCEE2004C7010 /* main.m in Sources */ = {isa = PBXBuildFile; fileRef = 9468AD5C188CCEE2004C7010 /* main.m */; };
		9468AD61188CCEE2004C7010 /* GoPodAppDelegate.m in Sources */ = {isa = PBXBuildFile; fileRef = 9468AD60188CCEE2004C7010 /* GoPodAppDelegate.m */; };
		9468AD69188CCEE2004C7010 /* Images.xcassets in Resources */ = {isa = PBXBuildFile; fileRef = 9468AD68188CCEE2004C7010 /* Images.xcassets */; };
		9468AD89188CD013004C7010 /* ProfileVC.m in Sources */ = {isa = PBXBuildFile; fileRef = 9468AD88188CD013004C7010 /* ProfileVC.m */; };
		9468AD8C188CD04C004C7010 /* AppConstants.m in Sources */ = {isa = PBXBuildFile; fileRef = 9468AD8B188CD04C004C7010 /* AppConstants.m */; };
		9468AD8F188CD0A0004C7010 /* CSVMaker.m in Sources */ = {isa = PBXBuildFile; fileRef = 9468AD8E188CD0A0004C7010 /* CSVMaker.m */; };
		9468AD9C188CD4C1004C7010 /* InfoPlist.strings in Resources */ = {isa = PBXBuildFile; fileRef = 9468AD9A188CD4C1004C7010 /* InfoPlist.strings */; };
		9468ADAA188CD71A004C7010 /* TextFieldCell.m in Sources */ = {isa = PBXBuildFile; fileRef = 9468ADA9188CD71A004C7010 /* TextFieldCell.m */; };
		9468ADAD188CD813004C7010 /* PickerViewCell.m in Sources */ = {isa = PBXBuildFile; fileRef = 9468ADAC188CD813004C7010 /* PickerViewCell.m */; };
		9468ADB0188CD88E004C7010 /* BlueTableViewCell.m in Sources */ = {isa = PBXBuildFile; fileRef = 9468ADAF188CD88E004C7010 /* BlueTableViewCell.m */; };
		9468ADB3188CD917004C7010 /* TouchUITableView.m in Sources */ = {isa = PBXBuildFile; fileRef = 9468ADB2188CD917004C7010 /* TouchUITableView.m */; };
		9468ADB6188CDAE7004C7010 /* SegmentedControlCell.m in Sources */ = {isa = PBXBuildFile; fileRef = 9468ADB5188CDAE7004C7010 /* SegmentedControlCell.m */; };
		9468ADBD188CE71B004C7010 /* Main.storyboard in Resources */ = {isa = PBXBuildFile; fileRef = 9468ADBB188CE71B004C7010 /* Main.storyboard */; };
		9468ADC1188D325E004C7010 /* Nav_Logo.png in Resources */ = {isa = PBXBuildFile; fileRef = 9468ADBF188D325E004C7010 /* Nav_Logo.png */; };
		9468ADC2188D325E004C7010 /* Nav_Logo@2x.png in Resources */ = {isa = PBXBuildFile; fileRef = 9468ADC0188D325E004C7010 /* Nav_Logo@2x.png */; };
		9468ADC5188D327D004C7010 /* SWRevealViewController.m in Sources */ = {isa = PBXBuildFile; fileRef = 9468ADC4188D327D004C7010 /* SWRevealViewController.m */; };
		9468ADCB188D392F004C7010 /* ActivityOptionsVC.m in Sources */ = {isa = PBXBuildFile; fileRef = 9468ADCA188D392F004C7010 /* ActivityOptionsVC.m */; };
		947E923C188FB471006E3D3E /* PairedDevicesVC.m in Sources */ = {isa = PBXBuildFile; fileRef = 947E923B188FB471006E3D3E /* PairedDevicesVC.m */; };
		947E923F188FB512006E3D3E /* BLEDevice.m in Sources */ = {isa = PBXBuildFile; fileRef = 947E923E188FB512006E3D3E /* BLEDevice.m */; };
		947E9242188FB538006E3D3E /* DeviceScanVC.m in Sources */ = {isa = PBXBuildFile; fileRef = 947E9241188FB538006E3D3E /* DeviceScanVC.m */; };
		947E9247188FB7D4006E3D3E /* hrm.png in Resources */ = {isa = PBXBuildFile; fileRef = 947E9243188FB7D4006E3D3E /* hrm.png */; };
		947E9248188FB7D4006E3D3E /* hrm@2x.png in Resources */ = {isa = PBXBuildFile; fileRef = 947E9244188FB7D4006E3D3E /* hrm@2x.png */; };
		947E9249188FB7D4006E3D3E /* sensorpod.png in Resources */ = {isa = PBXBuildFile; fileRef = 947E9245188FB7D4006E3D3E /* sensorpod.png */; };
		947E924A188FB7D4006E3D3E /* sensorpod@2x.png in Resources */ = {isa = PBXBuildFile; fileRef = 947E9246188FB7D4006E3D3E /* sensorpod@2x.png */; };
		947E924D188FB890006E3D3E /* AppHealthManager.m in Sources */ = {isa = PBXBuildFile; fileRef = 947E924C188FB890006E3D3E /* AppHealthManager.m */; };
		947E9252188FB8E4006E3D3E /* libHealth.a in Frameworks */ = {isa = PBXBuildFile; fileRef = 947E924F188FB8E4006E3D3E /* libHealth.a */; };
		947E9254188FB909006E3D3E /* CoreMotion.framework in Frameworks */ = {isa = PBXBuildFile; fileRef = 947E9253188FB909006E3D3E /* CoreMotion.framework */; };
		947E9256188FB90F006E3D3E /* CoreLocation.framework in Frameworks */ = {isa = PBXBuildFile; fileRef = 947E9255188FB90F006E3D3E /* CoreLocation.framework */; };
		947E9258188FB914006E3D3E /* CoreBluetooth.framework in Frameworks */ = {isa = PBXBuildFile; fileRef = 947E9257188FB914006E3D3E /* CoreBluetooth.framework */; };
		947E925F188FBA71006E3D3E /* Devices_Tab.png in Resources */ = {isa = PBXBuildFile; fileRef = 947E925B188FBA71006E3D3E /* Devices_Tab.png */; };
		947E9260188FBA71006E3D3E /* Devices_Tab@2x.png in Resources */ = {isa = PBXBuildFile; fileRef = 947E925C188FBA71006E3D3E /* Devices_Tab@2x.png */; };
		947E9261188FBA71006E3D3E /* Test_Tab.png in Resources */ = {isa = PBXBuildFile; fileRef = 947E925D188FBA71006E3D3E /* Test_Tab.png */; };
		947E9262188FBA71006E3D3E /* Test_Tab@2x.png in Resources */ = {isa = PBXBuildFile; fileRef = 947E925E188FBA71006E3D3E /* Test_Tab@2x.png */; };
/* End PBXBuildFile section */

/* Begin PBXFileReference section */
		9468AD4D188CCEE2004C7010 /* GoPod.app */ = {isa = PBXFileReference; explicitFileType = wrapper.application; includeInIndex = 0; path = GoPod.app; sourceTree = BUILT_PRODUCTS_DIR; };
		9468AD50188CCEE2004C7010 /* Foundation.framework */ = {isa = PBXFileReference; lastKnownFileType = wrapper.framework; name = Foundation.framework; path = System/Library/Frameworks/Foundation.framework; sourceTree = SDKROOT; };
		9468AD52188CCEE2004C7010 /* CoreGraphics.framework */ = {isa = PBXFileReference; lastKnownFileType = wrapper.framework; name = CoreGraphics.framework; path = System/Library/Frameworks/CoreGraphics.framework; sourceTree = SDKROOT; };
		9468AD54188CCEE2004C7010 /* UIKit.framework */ = {isa = PBXFileReference; lastKnownFileType = wrapper.framework; name = UIKit.framework; path = System/Library/Frameworks/UIKit.framework; sourceTree = SDKROOT; };
		9468AD5C188CCEE2004C7010 /* main.m */ = {isa = PBXFileReference; lastKnownFileType = sourcecode.c.objc; name = main.m; path = "Other Sources/main.m"; sourceTree = "<group>"; };
		9468AD5F188CCEE2004C7010 /* GoPodAppDelegate.h */ = {isa = PBXFileReference; lastKnownFileType = sourcecode.c.h; path = GoPodAppDelegate.h; sourceTree = "<group>"; };
		9468AD60188CCEE2004C7010 /* GoPodAppDelegate.m */ = {isa = PBXFileReference; lastKnownFileType = sourcecode.c.objc; path = GoPodAppDelegate.m; sourceTree = "<group>"; };
		9468AD68188CCEE2004C7010 /* Images.xcassets */ = {isa = PBXFileReference; lastKnownFileType = folder.assetcatalog; name = Images.xcassets; path = Resources/Images.xcassets; sourceTree = "<group>"; };
		9468AD6F188CCEE3004C7010 /* XCTest.framework */ = {isa = PBXFileReference; lastKnownFileType = wrapper.framework; name = XCTest.framework; path = Library/Frameworks/XCTest.framework; sourceTree = DEVELOPER_DIR; };
		9468AD87188CD013004C7010 /* ProfileVC.h */ = {isa = PBXFileReference; fileEncoding = 4; lastKnownFileType = sourcecode.c.h; path = ProfileVC.h; sourceTree = "<group>"; };
		9468AD88188CD013004C7010 /* ProfileVC.m */ = {isa = PBXFileReference; fileEncoding = 4; lastKnownFileType = sourcecode.c.objc; path = ProfileVC.m; sourceTree = "<group>"; };
		9468AD8A188CD04C004C7010 /* AppConstants.h */ = {isa = PBXFileReference; fileEncoding = 4; lastKnownFileType = sourcecode.c.h; path = AppConstants.h; sourceTree = "<group>"; };
		9468AD8B188CD04C004C7010 /* AppConstants.m */ = {isa = PBXFileReference; fileEncoding = 4; lastKnownFileType = sourcecode.c.objc; path = AppConstants.m; sourceTree = "<group>"; };
		9468AD8D188CD0A0004C7010 /* CSVMaker.h */ = {isa = PBXFileReference; fileEncoding = 4; lastKnownFileType = sourcecode.c.h; path = CSVMaker.h; sourceTree = "<group>"; };
		9468AD8E188CD0A0004C7010 /* CSVMaker.m */ = {isa = PBXFileReference; fileEncoding = 4; lastKnownFileType = sourcecode.c.objc; path = CSVMaker.m; sourceTree = "<group>"; };
		9468AD94188CD47F004C7010 /* GoPod-Prefix.pch */ = {isa = PBXFileReference; fileEncoding = 4; lastKnownFileType = sourcecode.c.h; name = "GoPod-Prefix.pch"; path = "Other Sources/GoPod-Prefix.pch"; sourceTree = "<group>"; };
		9468AD9B188CD4C1004C7010 /* en */ = {isa = PBXFileReference; lastKnownFileType = text.plist.strings; name = en; path = InfoPlist.strings; sourceTree = "<group>"; };
		9468AD9D188CD4E3004C7010 /* GoPod-Info.plist */ = {isa = PBXFileReference; fileEncoding = 4; lastKnownFileType = text.plist.xml; name = "GoPod-Info.plist"; path = "Resources/GoPod-Info.plist"; sourceTree = "<group>"; };
		9468ADA8188CD71A004C7010 /* TextFieldCell.h */ = {isa = PBXFileReference; fileEncoding = 4; lastKnownFileType = sourcecode.c.h; path = TextFieldCell.h; sourceTree = "<group>"; };
		9468ADA9188CD71A004C7010 /* TextFieldCell.m */ = {isa = PBXFileReference; fileEncoding = 4; lastKnownFileType = sourcecode.c.objc; path = TextFieldCell.m; sourceTree = "<group>"; };
		9468ADAB188CD813004C7010 /* PickerViewCell.h */ = {isa = PBXFileReference; fileEncoding = 4; lastKnownFileType = sourcecode.c.h; path = PickerViewCell.h; sourceTree = "<group>"; };
		9468ADAC188CD813004C7010 /* PickerViewCell.m */ = {isa = PBXFileReference; fileEncoding = 4; lastKnownFileType = sourcecode.c.objc; path = PickerViewCell.m; sourceTree = "<group>"; };
		9468ADAE188CD88E004C7010 /* BlueTableViewCell.h */ = {isa = PBXFileReference; fileEncoding = 4; lastKnownFileType = sourcecode.c.h; path = BlueTableViewCell.h; sourceTree = "<group>"; };
		9468ADAF188CD88E004C7010 /* BlueTableViewCell.m */ = {isa = PBXFileReference; fileEncoding = 4; lastKnownFileType = sourcecode.c.objc; path = BlueTableViewCell.m; sourceTree = "<group>"; };
		9468ADB1188CD917004C7010 /* TouchUITableView.h */ = {isa = PBXFileReference; fileEncoding = 4; lastKnownFileType = sourcecode.c.h; path = TouchUITableView.h; sourceTree = "<group>"; };
		9468ADB2188CD917004C7010 /* TouchUITableView.m */ = {isa = PBXFileReference; fileEncoding = 4; lastKnownFileType = sourcecode.c.objc; path = TouchUITableView.m; sourceTree = "<group>"; };
		9468ADB4188CDAE7004C7010 /* SegmentedControlCell.h */ = {isa = PBXFileReference; fileEncoding = 4; lastKnownFileType = sourcecode.c.h; path = SegmentedControlCell.h; sourceTree = "<group>"; };
		9468ADB5188CDAE7004C7010 /* SegmentedControlCell.m */ = {isa = PBXFileReference; fileEncoding = 4; lastKnownFileType = sourcecode.c.objc; path = SegmentedControlCell.m; sourceTree = "<group>"; };
		9468ADBC188CE71B004C7010 /* Base */ = {isa = PBXFileReference; lastKnownFileType = file.storyboard; name = Base; path = Base.lproj/Main.storyboard; sourceTree = "<group>"; };
		9468ADBF188D325E004C7010 /* Nav_Logo.png */ = {isa = PBXFileReference; lastKnownFileType = image.png; path = Nav_Logo.png; sourceTree = "<group>"; };
		9468ADC0188D325E004C7010 /* Nav_Logo@2x.png */ = {isa = PBXFileReference; lastKnownFileType = image.png; path = "Nav_Logo@2x.png"; sourceTree = "<group>"; };
		9468ADC3188D327D004C7010 /* SWRevealViewController.h */ = {isa = PBXFileReference; fileEncoding = 4; lastKnownFileType = sourcecode.c.h; path = SWRevealViewController.h; sourceTree = "<group>"; };
		9468ADC4188D327D004C7010 /* SWRevealViewController.m */ = {isa = PBXFileReference; fileEncoding = 4; lastKnownFileType = sourcecode.c.objc; path = SWRevealViewController.m; sourceTree = "<group>"; };
		9468ADC9188D392F004C7010 /* ActivityOptionsVC.h */ = {isa = PBXFileReference; fileEncoding = 4; lastKnownFileType = sourcecode.c.h; path = ActivityOptionsVC.h; sourceTree = "<group>"; };
		9468ADCA188D392F004C7010 /* ActivityOptionsVC.m */ = {isa = PBXFileReference; fileEncoding = 4; lastKnownFileType = sourcecode.c.objc; path = ActivityOptionsVC.m; sourceTree = "<group>"; };
		947E923A188FB471006E3D3E /* PairedDevicesVC.h */ = {isa = PBXFileReference; fileEncoding = 4; lastKnownFileType = sourcecode.c.h; path = PairedDevicesVC.h; sourceTree = "<group>"; };
		947E923B188FB471006E3D3E /* PairedDevicesVC.m */ = {isa = PBXFileReference; fileEncoding = 4; lastKnownFileType = sourcecode.c.objc; path = PairedDevicesVC.m; sourceTree = "<group>"; };
		947E923D188FB512006E3D3E /* BLEDevice.h */ = {isa = PBXFileReference; fileEncoding = 4; lastKnownFileType = sourcecode.c.h; path = BLEDevice.h; sourceTree = "<group>"; };
		947E923E188FB512006E3D3E /* BLEDevice.m */ = {isa = PBXFileReference; fileEncoding = 4; lastKnownFileType = sourcecode.c.objc; path = BLEDevice.m; sourceTree = "<group>"; };
		947E9240188FB538006E3D3E /* DeviceScanVC.h */ = {isa = PBXFileReference; fileEncoding = 4; lastKnownFileType = sourcecode.c.h; path = DeviceScanVC.h; sourceTree = "<group>"; };
		947E9241188FB538006E3D3E /* DeviceScanVC.m */ = {isa = PBXFileReference; fileEncoding = 4; lastKnownFileType = sourcecode.c.objc; path = DeviceScanVC.m; sourceTree = "<group>"; };
		947E9243188FB7D4006E3D3E /* hrm.png */ = {isa = PBXFileReference; lastKnownFileType = image.png; path = hrm.png; sourceTree = "<group>"; };
		947E9244188FB7D4006E3D3E /* hrm@2x.png */ = {isa = PBXFileReference; lastKnownFileType = image.png; path = "hrm@2x.png"; sourceTree = "<group>"; };
		947E9245188FB7D4006E3D3E /* sensorpod.png */ = {isa = PBXFileReference; lastKnownFileType = image.png; path = sensorpod.png; sourceTree = "<group>"; };
		947E9246188FB7D4006E3D3E /* sensorpod@2x.png */ = {isa = PBXFileReference; lastKnownFileType = image.png; path = "sensorpod@2x.png"; sourceTree = "<group>"; };
		947E924B188FB890006E3D3E /* AppHealthManager.h */ = {isa = PBXFileReference; fileEncoding = 4; lastKnownFileType = sourcecode.c.h; path = AppHealthManager.h; sourceTree = "<group>"; };
		947E924C188FB890006E3D3E /* AppHealthManager.m */ = {isa = PBXFileReference; fileEncoding = 4; lastKnownFileType = sourcecode.c.objc; path = AppHealthManager.m; sourceTree = "<group>"; };
		947E924E188FB8E4006E3D3E /* HealthFitnessApi.h */ = {isa = PBXFileReference; fileEncoding = 4; lastKnownFileType = sourcecode.c.h; path = HealthFitnessApi.h; sourceTree = "<group>"; };
		947E924F188FB8E4006E3D3E /* libHealth.a */ = {isa = PBXFileReference; lastKnownFileType = archive.ar; path = libHealth.a; sourceTree = "<group>"; };
		947E9250188FB8E4006E3D3E /* MHealthLogger.h */ = {isa = PBXFileReference; fileEncoding = 4; lastKnownFileType = sourcecode.c.h; path = MHealthLogger.h; sourceTree = "<group>"; };
		947E9251188FB8E4006E3D3E /* MHealthManager.h */ = {isa = PBXFileReference; fileEncoding = 4; lastKnownFileType = sourcecode.c.h; path = MHealthManager.h; sourceTree = "<group>"; };
		947E9253188FB909006E3D3E /* CoreMotion.framework */ = {isa = PBXFileReference; lastKnownFileType = wrapper.framework; name = CoreMotion.framework; path = System/Library/Frameworks/CoreMotion.framework; sourceTree = SDKROOT; };
		947E9255188FB90F006E3D3E /* CoreLocation.framework */ = {isa = PBXFileReference; lastKnownFileType = wrapper.framework; name = CoreLocation.framework; path = System/Library/Frameworks/CoreLocation.framework; sourceTree = SDKROOT; };
		947E9257188FB914006E3D3E /* CoreBluetooth.framework */ = {isa = PBXFileReference; lastKnownFileType = wrapper.framework; name = CoreBluetooth.framework; path = System/Library/Frameworks/CoreBluetooth.framework; sourceTree = SDKROOT; };
		947E925B188FBA71006E3D3E /* Devices_Tab.png */ = {isa = PBXFileReference; lastKnownFileType = image.png; path = Devices_Tab.png; sourceTree = "<group>"; };
		947E925C188FBA71006E3D3E /* Devices_Tab@2x.png */ = {isa = PBXFileReference; lastKnownFileType = image.png; path = "Devices_Tab@2x.png"; sourceTree = "<group>"; };
		947E925D188FBA71006E3D3E /* Test_Tab.png */ = {isa = PBXFileReference; lastKnownFileType = image.png; path = Test_Tab.png; sourceTree = "<group>"; };
		947E925E188FBA71006E3D3E /* Test_Tab@2x.png */ = {isa = PBXFileReference; lastKnownFileType = image.png; path = "Test_Tab@2x.png"; sourceTree = "<group>"; };
/* End PBXFileReference section */

/* Begin PBXFrameworksBuildPhase section */
		9468AD4A188CCEE2004C7010 /* Frameworks */ = {
			isa = PBXFrameworksBuildPhase;
			buildActionMask = 2147483647;
			files = (
				947E9258188FB914006E3D3E /* CoreBluetooth.framework in Frameworks */,
				947E9256188FB90F006E3D3E /* CoreLocation.framework in Frameworks */,
				947E9254188FB909006E3D3E /* CoreMotion.framework in Frameworks */,
				9468AD53188CCEE2004C7010 /* CoreGraphics.framework in Frameworks */,
				9468AD55188CCEE2004C7010 /* UIKit.framework in Frameworks */,
				9468AD51188CCEE2004C7010 /* Foundation.framework in Frameworks */,
				947E9252188FB8E4006E3D3E /* libHealth.a in Frameworks */,
			);
			runOnlyForDeploymentPostprocessing = 0;
		};
/* End PBXFrameworksBuildPhase section */

/* Begin PBXGroup section */
		9468AD44188CCEE2004C7010 = {
			isa = PBXGroup;
			children = (
				9468AD56188CCEE2004C7010 /* GoPod */,
				9468AD4F188CCEE2004C7010 /* Frameworks */,
				9468AD4E188CCEE2004C7010 /* Products */,
			);
			sourceTree = "<group>";
		};
		9468AD4E188CCEE2004C7010 /* Products */ = {
			isa = PBXGroup;
			children = (
				9468AD4D188CCEE2004C7010 /* GoPod.app */,
			);
			name = Products;
			sourceTree = "<group>";
		};
		9468AD4F188CCEE2004C7010 /* Frameworks */ = {
			isa = PBXGroup;
			children = (
				947E9257188FB914006E3D3E /* CoreBluetooth.framework */,
				947E9255188FB90F006E3D3E /* CoreLocation.framework */,
				947E9253188FB909006E3D3E /* CoreMotion.framework */,
				9468AD50188CCEE2004C7010 /* Foundation.framework */,
				9468AD52188CCEE2004C7010 /* CoreGraphics.framework */,
				9468AD54188CCEE2004C7010 /* UIKit.framework */,
				9468AD6F188CCEE3004C7010 /* XCTest.framework */,
			);
			name = Frameworks;
			sourceTree = "<group>";
		};
		9468AD56188CCEE2004C7010 /* GoPod */ = {
			isa = PBXGroup;
			children = (
				9468ADBB188CE71B004C7010 /* Main.storyboard */,
				9468ADA0188CD4FC004C7010 /* Libraries */,
				9468AD9F188CD4EC004C7010 /* External */,
				9468AD93188CD43C004C7010 /* Resources */,
				9468AD92188CD412004C7010 /* Other Sources */,
				9468AD90188CD3C8004C7010 /* Classes */,
			);
			path = GoPod;
			sourceTree = "<group>";
		};
		9468AD90188CD3C8004C7010 /* Classes */ = {
			isa = PBXGroup;
			children = (
				9468AD87188CD013004C7010 /* ProfileVC.h */,
				9468AD88188CD013004C7010 /* ProfileVC.m */,
				9468ADC9188D392F004C7010 /* ActivityOptionsVC.h */,
				9468ADCA188D392F004C7010 /* ActivityOptionsVC.m */,
				947E923A188FB471006E3D3E /* PairedDevicesVC.h */,
				947E923B188FB471006E3D3E /* PairedDevicesVC.m */,
				947E9240188FB538006E3D3E /* DeviceScanVC.h */,
				947E9241188FB538006E3D3E /* DeviceScanVC.m */,
				947E924B188FB890006E3D3E /* AppHealthManager.h */,
				947E924C188FB890006E3D3E /* AppHealthManager.m */,
				9468AD8D188CD0A0004C7010 /* CSVMaker.h */,
				9468AD8E188CD0A0004C7010 /* CSVMaker.m */,
				947E923D188FB512006E3D3E /* BLEDevice.h */,
				947E923E188FB512006E3D3E /* BLEDevice.m */,
				9468AD5F188CCEE2004C7010 /* GoPodAppDelegate.h */,
				9468AD60188CCEE2004C7010 /* GoPodAppDelegate.m */,
				9468ADA7188CD70D004C7010 /* Custom Classes */,
				9468ADA6188CD6FC004C7010 /* Constants */,
			);
			path = Classes;
			sourceTree = "<group>";
		};
		9468AD92188CD412004C7010 /* Other Sources */ = {
			isa = PBXGroup;
			children = (
				9468AD94188CD47F004C7010 /* GoPod-Prefix.pch */,
				9468AD5C188CCEE2004C7010 /* main.m */,
			);
			name = "Other Sources";
			sourceTree = "<group>";
		};
		9468AD93188CD43C004C7010 /* Resources */ = {
			isa = PBXGroup;
			children = (
				9468ADBE188D3245004C7010 /* Images */,
				9468AD9D188CD4E3004C7010 /* GoPod-Info.plist */,
				9468AD99188CD4C1004C7010 /* en.lproj */,
				9468AD68188CCEE2004C7010 /* Images.xcassets */,
			);
			name = Resources;
			sourceTree = "<group>";
		};
		9468AD99188CD4C1004C7010 /* en.lproj */ = {
			isa = PBXGroup;
			children = (
				9468AD9A188CD4C1004C7010 /* InfoPlist.strings */,
			);
			name = en.lproj;
			path = Resources/en.lproj;
			sourceTree = "<group>";
		};
		9468AD9F188CD4EC004C7010 /* External */ = {
			isa = PBXGroup;
			children = (
				9468ADC3188D327D004C7010 /* SWRevealViewController.h */,
				9468ADC4188D327D004C7010 /* SWRevealViewController.m */,
			);
			path = External;
			sourceTree = "<group>";
		};
		9468ADA0188CD4FC004C7010 /* Libraries */ = {
			isa = PBXGroup;
			children = (
				947E924E188FB8E4006E3D3E /* HealthFitnessApi.h */,
				947E924F188FB8E4006E3D3E /* libHealth.a */,
				947E9250188FB8E4006E3D3E /* MHealthLogger.h */,
				947E9251188FB8E4006E3D3E /* MHealthManager.h */,
			);
			path = Libraries;
			sourceTree = "<group>";
		};
		9468ADA6188CD6FC004C7010 /* Constants */ = {
			isa = PBXGroup;
			children = (
				9468AD8A188CD04C004C7010 /* AppConstants.h */,
				9468AD8B188CD04C004C7010 /* AppConstants.m */,
			);
			path = Constants;
			sourceTree = "<group>";
		};
		9468ADA7188CD70D004C7010 /* Custom Classes */ = {
			isa = PBXGroup;
			children = (
				9468ADB1188CD917004C7010 /* TouchUITableView.h */,
				9468ADB2188CD917004C7010 /* TouchUITableView.m */,
				9468ADAE188CD88E004C7010 /* BlueTableViewCell.h */,
				9468ADAF188CD88E004C7010 /* BlueTableViewCell.m */,
				9468ADA8188CD71A004C7010 /* TextFieldCell.h */,
				9468ADA9188CD71A004C7010 /* TextFieldCell.m */,
				9468ADAB188CD813004C7010 /* PickerViewCell.h */,
				9468ADAC188CD813004C7010 /* PickerViewCell.m */,
				9468ADB4188CDAE7004C7010 /* SegmentedControlCell.h */,
				9468ADB5188CDAE7004C7010 /* SegmentedControlCell.m */,
			);
			path = "Custom Classes";
			sourceTree = "<group>";
		};
		9468ADBE188D3245004C7010 /* Images */ = {
			isa = PBXGroup;
			children = (
				947E925B188FBA71006E3D3E /* Devices_Tab.png */,
				947E925C188FBA71006E3D3E /* Devices_Tab@2x.png */,
				947E925D188FBA71006E3D3E /* Test_Tab.png */,
				947E925E188FBA71006E3D3E /* Test_Tab@2x.png */,
				947E9243188FB7D4006E3D3E /* hrm.png */,
				947E9244188FB7D4006E3D3E /* hrm@2x.png */,
				947E9245188FB7D4006E3D3E /* sensorpod.png */,
				947E9246188FB7D4006E3D3E /* sensorpod@2x.png */,
				9468ADBF188D325E004C7010 /* Nav_Logo.png */,
				9468ADC0188D325E004C7010 /* Nav_Logo@2x.png */,
			);
			name = Images;
			path = Resources/Images;
			sourceTree = "<group>";
		};
/* End PBXGroup section */

/* Begin PBXNativeTarget section */
		9468AD4C188CCEE2004C7010 /* GoPod */ = {
			isa = PBXNativeTarget;
			buildConfigurationList = 9468AD7F188CCEE3004C7010 /* Build configuration list for PBXNativeTarget "GoPod" */;
			buildPhases = (
				9468AD49188CCEE2004C7010 /* Sources */,
				9468AD4A188CCEE2004C7010 /* Frameworks */,
				9468AD4B188CCEE2004C7010 /* Resources */,
			);
			buildRules = (
			);
			dependencies = (
			);
			name = GoPod;
			productName = GoPod;
			productReference = 9468AD4D188CCEE2004C7010 /* GoPod.app */;
			productType = "com.apple.product-type.application";
		};
/* End PBXNativeTarget section */

/* Begin PBXProject section */
		9468AD45188CCEE2004C7010 /* Project object */ = {
			isa = PBXProject;
			attributes = {
				CLASSPREFIX = GoPod;
				LastUpgradeCheck = 0500;
				ORGANIZATIONNAME = Swipe;
			};
			buildConfigurationList = 9468AD48188CCEE2004C7010 /* Build configuration list for PBXProject "GoPod" */;
			compatibilityVersion = "Xcode 3.2";
			developmentRegion = English;
			hasScannedForEncodings = 0;
			knownRegions = (
				en,
				Base,
			);
			mainGroup = 9468AD44188CCEE2004C7010;
			productRefGroup = 9468AD4E188CCEE2004C7010 /* Products */;
			projectDirPath = "";
			projectRoot = "";
			targets = (
				9468AD4C188CCEE2004C7010 /* GoPod */,
			);
		};
/* End PBXProject section */

/* Begin PBXResourcesBuildPhase section */
		9468AD4B188CCEE2004C7010 /* Resources */ = {
			isa = PBXResourcesBuildPhase;
			buildActionMask = 2147483647;
			files = (
				9468ADC1188D325E004C7010 /* Nav_Logo.png in Resources */,
				947E9262188FBA71006E3D3E /* Test_Tab@2x.png in Resources */,
				9468ADC2188D325E004C7010 /* Nav_Logo@2x.png in Resources */,
				947E924A188FB7D4006E3D3E /* sensorpod@2x.png in Resources */,
				947E9248188FB7D4006E3D3E /* hrm@2x.png in Resources */,
				9468ADBD188CE71B004C7010 /* Main.storyboard in Resources */,
				947E925F188FBA71006E3D3E /* Devices_Tab.png in Resources */,
				947E9247188FB7D4006E3D3E /* hrm.png in Resources */,
				947E9260188FBA71006E3D3E /* Devices_Tab@2x.png in Resources */,
				947E9249188FB7D4006E3D3E /* sensorpod.png in Resources */,
				947E9261188FBA71006E3D3E /* Test_Tab.png in Resources */,
				9468AD69188CCEE2004C7010 /* Images.xcassets in Resources */,
				9468AD9C188CD4C1004C7010 /* InfoPlist.strings in Resources */,
			);
			runOnlyForDeploymentPostprocessing = 0;
		};
/* End PBXResourcesBuildPhase section */

/* Begin PBXSourcesBuildPhase section */
		9468AD49188CCEE2004C7010 /* Sources */ = {
			isa = PBXSourcesBuildPhase;
			buildActionMask = 2147483647;
			files = (
				9468AD61188CCEE2004C7010 /* GoPodAppDelegate.m in Sources */,
				947E923F188FB512006E3D3E /* BLEDevice.m in Sources */,
				9468ADB0188CD88E004C7010 /* BlueTableViewCell.m in Sources */,
				947E923C188FB471006E3D3E /* PairedDevicesVC.m in Sources */,
				9468ADB6188CDAE7004C7010 /* SegmentedControlCell.m in Sources */,
				9468AD89188CD013004C7010 /* ProfileVC.m in Sources */,
				9468ADCB188D392F004C7010 /* ActivityOptionsVC.m in Sources */,
				947E9242188FB538006E3D3E /* DeviceScanVC.m in Sources */,
				9468AD5D188CCEE2004C7010 /* main.m in Sources */,
				9468ADAA188CD71A004C7010 /* TextFieldCell.m in Sources */,
				9468ADAD188CD813004C7010 /* PickerViewCell.m in Sources */,
				9468AD8F188CD0A0004C7010 /* CSVMaker.m in Sources */,
				9468ADC5188D327D004C7010 /* SWRevealViewController.m in Sources */,
				9468AD8C188CD04C004C7010 /* AppConstants.m in Sources */,
				9468ADB3188CD917004C7010 /* TouchUITableView.m in Sources */,
				947E924D188FB890006E3D3E /* AppHealthManager.m in Sources */,
			);
			runOnlyForDeploymentPostprocessing = 0;
		};
/* End PBXSourcesBuildPhase section */

/* Begin PBXVariantGroup section */
		9468AD9A188CD4C1004C7010 /* InfoPlist.strings */ = {
			isa = PBXVariantGroup;
			children = (
				9468AD9B188CD4C1004C7010 /* en */,
			);
			name = InfoPlist.strings;
			sourceTree = "<group>";
		};
		9468ADBB188CE71B004C7010 /* Main.storyboard */ = {
			isa = PBXVariantGroup;
			children = (
				9468ADBC188CE71B004C7010 /* Base */,
			);
			name = Main.storyboard;
			sourceTree = "<group>";
		};
/* End PBXVariantGroup section */

/* Begin XCBuildConfiguration section */
		9468AD7D188CCEE3004C7010 /* Debug */ = {
			isa = XCBuildConfiguration;
			buildSettings = {
				ALWAYS_SEARCH_USER_PATHS = NO;
				ARCHS = "$(ARCHS_STANDARD)";
				CLANG_CXX_LANGUAGE_STANDARD = "gnu++0x";
				CLANG_CXX_LIBRARY = "libc++";
				CLANG_ENABLE_MODULES = YES;
				CLANG_ENABLE_OBJC_ARC = YES;
				CLANG_WARN_BOOL_CONVERSION = YES;
				CLANG_WARN_CONSTANT_CONVERSION = YES;
				CLANG_WARN_DIRECT_OBJC_ISA_USAGE = YES_ERROR;
				CLANG_WARN_EMPTY_BODY = YES;
				CLANG_WARN_ENUM_CONVERSION = YES;
				CLANG_WARN_INT_CONVERSION = YES;
				CLANG_WARN_OBJC_ROOT_CLASS = YES_ERROR;
				CLANG_WARN__DUPLICATE_METHOD_MATCH = YES;
				"CODE_SIGN_IDENTITY[sdk=iphoneos*]" = "iPhone Developer";
				COPY_PHASE_STRIP = NO;
				GCC_C_LANGUAGE_STANDARD = gnu99;
				GCC_DYNAMIC_NO_PIC = NO;
				GCC_OPTIMIZATION_LEVEL = 0;
				GCC_PREPROCESSOR_DEFINITIONS = (
					"DEBUG=1",
					"$(inherited)",
				);
				GCC_SYMBOLS_PRIVATE_EXTERN = NO;
				GCC_WARN_64_TO_32_BIT_CONVERSION = YES;
				GCC_WARN_ABOUT_RETURN_TYPE = YES_ERROR;
				GCC_WARN_UNDECLARED_SELECTOR = YES;
				GCC_WARN_UNINITIALIZED_AUTOS = YES;
				GCC_WARN_UNUSED_FUNCTION = YES;
				GCC_WARN_UNUSED_VARIABLE = YES;
				IPHONEOS_DEPLOYMENT_TARGET = 7.0;
				ONLY_ACTIVE_ARCH = YES;
				SDKROOT = iphoneos;
			};
			name = Debug;
		};
		9468AD7E188CCEE3004C7010 /* Release */ = {
			isa = XCBuildConfiguration;
			buildSettings = {
				ALWAYS_SEARCH_USER_PATHS = NO;
				ARCHS = "$(ARCHS_STANDARD)";
				CLANG_CXX_LANGUAGE_STANDARD = "gnu++0x";
				CLANG_CXX_LIBRARY = "libc++";
				CLANG_ENABLE_MODULES = YES;
				CLANG_ENABLE_OBJC_ARC = YES;
				CLANG_WARN_BOOL_CONVERSION = YES;
				CLANG_WARN_CONSTANT_CONVERSION = YES;
				CLANG_WARN_DIRECT_OBJC_ISA_USAGE = YES_ERROR;
				CLANG_WARN_EMPTY_BODY = YES;
				CLANG_WARN_ENUM_CONVERSION = YES;
				CLANG_WARN_INT_CONVERSION = YES;
				CLANG_WARN_OBJC_ROOT_CLASS = YES_ERROR;
				CLANG_WARN__DUPLICATE_METHOD_MATCH = YES;
				"CODE_SIGN_IDENTITY[sdk=iphoneos*]" = "iPhone Developer";
				COPY_PHASE_STRIP = YES;
				ENABLE_NS_ASSERTIONS = NO;
				GCC_C_LANGUAGE_STANDARD = gnu99;
				GCC_WARN_64_TO_32_BIT_CONVERSION = YES;
				GCC_WARN_ABOUT_RETURN_TYPE = YES_ERROR;
				GCC_WARN_UNDECLARED_SELECTOR = YES;
				GCC_WARN_UNINITIALIZED_AUTOS = YES;
				GCC_WARN_UNUSED_FUNCTION = YES;
				GCC_WARN_UNUSED_VARIABLE = YES;
				IPHONEOS_DEPLOYMENT_TARGET = 7.0;
				SDKROOT = iphoneos;
				VALIDATE_PRODUCT = YES;
			};
			name = Release;
		};
		9468AD80188CCEE3004C7010 /* Debug */ = {
			isa = XCBuildConfiguration;
			buildSettings = {
				ASSETCATALOG_COMPILER_APPICON_NAME = AppIcon;
				ASSETCATALOG_COMPILER_LAUNCHIMAGE_NAME = LaunchImage;
				GCC_PRECOMPILE_PREFIX_HEADER = YES;
				GCC_PREFIX_HEADER = "GoPod/Other Sources/GoPod-Prefix.pch";
				INFOPLIST_FILE = "$(SRCROOT)/GoPod/Resources/GoPod-Info.plist";
				LIBRARY_SEARCH_PATHS = (
					"$(inherited)",
					/Users/Ryan/Documents/Swipe/GoPod/GoPod/Libraries,
				);
				PRODUCT_NAME = "$(TARGET_NAME)";
				WRAPPER_EXTENSION = app;
			};
			name = Debug;
		};
		9468AD81188CCEE3004C7010 /* Release */ = {
			isa = XCBuildConfiguration;
			buildSettings = {
				ASSETCATALOG_COMPILER_APPICON_NAME = AppIcon;
				ASSETCATALOG_COMPILER_LAUNCHIMAGE_NAME = LaunchImage;
				GCC_PRECOMPILE_PREFIX_HEADER = YES;
				GCC_PREFIX_HEADER = "GoPod/Other Sources/GoPod-Prefix.pch";
				INFOPLIST_FILE = "$(SRCROOT)/GoPod/Resources/GoPod-Info.plist";
				LIBRARY_SEARCH_PATHS = (
					"$(inherited)",
					/Users/Ryan/Documents/Swipe/GoPod/GoPod/Libraries,
				);
				PRODUCT_NAME = "$(TARGET_NAME)";
				WRAPPER_EXTENSION = app;
			};
			name = Release;
		};
/* End XCBuildConfiguration section */

/* Begin XCConfigurationList section */
		9468AD48188CCEE2004C7010 /* Build configuration list for PBXProject "GoPod" */ = {
			isa = XCConfigurationList;
			buildConfigurations = (
				9468AD7D188CCEE3004C7010 /* Debug */,
				9468AD7E188CCEE3004C7010 /* Release */,
			);
			defaultConfigurationIsVisible = 0;
			defaultConfigurationName = Release;
		};
		9468AD7F188CCEE3004C7010 /* Build configuration list for PBXNativeTarget "GoPod" */ = {
			isa = XCConfigurationList;
			buildConfigurations = (
				9468AD80188CCEE3004C7010 /* Debug */,
				9468AD81188CCEE3004C7010 /* Release */,
			);
			defaultConfigurationIsVisible = 0;
			defaultConfigurationName = Release;
		};
/* End XCConfigurationList section */
	};
	rootObject = 9468AD45188CCEE2004C7010 /* Project object */;
}
